
Microsoft Visual Studio Solution File, Format Version 12.00
# Visual Studio Version 17
VisualStudioVersion = 17.9.34607.119
MinimumVisualStudioVersion = 10.0.40219.1
Project("{FAE04EC0-301F-11D3-BF4B-00C04F79EFBC}") = "Workaround", "Workaround\Workaround.csproj", "{B3C9564D-2935-4E9C-B7B1-A72813703684}"
EndProject
Project("{FAE04EC0-301F-11D3-BF4B-00C04F79EFBC}") = "Entities", "Entities\Entities.csproj", "{A4F37AB2-0639-4175-B1B8-2CB280B306A6}"
EndProject
Project("{FAE04EC0-301F-11D3-BF4B-00C04F79EFBC}") = "Business", "Business\Business.csproj", "{86EA508C-1744-4BF0-83DB-D77E937E8A0E}"
EndProject
Global
	GlobalSection(SolutionConfigurationPlatforms) = preSolution
		Debug|Any CPU = Debug|Any CPU
		Release|Any CPU = Release|Any CPU
	EndGlobalSection
	GlobalSection(ProjectConfigurationPlatforms) = postSolution
		{B3C9564D-2935-4E9C-B7B1-A72813703684}.Debug|Any CPU.ActiveCfg = Debug|Any CPU
		{B3C9564D-2935-4E9C-B7B1-A72813703684}.Debug|Any CPU.Build.0 = Debug|Any CPU
		{B3C9564D-2935-4E9C-B7B1-A72813703684}.Release|Any CPU.ActiveCfg = Release|Any CPU
		{B3C9564D-2935-4E9C-B7B1-A72813703684}.Release|Any CPU.Build.0 = Release|Any CPU
		{A4F37AB2-0639-4175-B1B8-2CB280B306A6}.Debug|Any CPU.ActiveCfg = Debug|Any CPU
		{A4F37AB2-0639-4175-B1B8-2CB280B306A6}.Debug|Any CPU.Build.0 = Debug|Any CPU
		{A4F37AB2-0639-4175-B1B8-2CB280B306A6}.Release|Any CPU.ActiveCfg = Release|Any CPU
		{A4F37AB2-0639-4175-B1B8-2CB280B306A6}.Release|Any CPU.Build.0 = Release|Any CPU
		{86EA508C-1744-4BF0-83DB-D77E937E8A0E}.Debug|Any CPU.ActiveCfg = Debug|Any CPU
		{86EA508C-1744-4BF0-83DB-D77E937E8A0E}.Debug|Any CPU.Build.0 = Debug|Any CPU
		{86EA508C-1744-4BF0-83DB-D77E937E8A0E}.Release|Any CPU.ActiveCfg = Release|Any CPU
		{86EA508C-1744-4BF0-83DB-D77E937E8A0E}.Release|Any CPU.Build.0 = Release|Any CPU
	EndGlobalSection
	GlobalSection(SolutionProperties) = preSolution
		HideSolutionNode = FALSE
	EndGlobalSection
	GlobalSection(ExtensibilityGlobals) = postSolution
		SolutionGuid = {82458FD0-D9CA-4C7B-BE15-4A3C7369359F}
	EndGlobalSection
EndGlobal
